
Microsoft Visual Studio Solution File, Format Version 12.00
Project("{FAE04EC0-301F-11D3-BF4B-00C04F79EFBC}") = "AsyncTestingDryRun", "AsyncTestingDryRun\AsyncTestingDryRun.csproj", "{D2292277-4AAB-4042-A271-7ACB7E65952E}"
EndProject
Project("{FAE04EC0-301F-11D3-BF4B-00C04F79EFBC}") = "AsyncTestingDryRunTests", "AsyncTestingDryRunTests\AsyncTestingDryRunTests.csproj", "{CEA3625E-AA8E-4B3B-ABBC-005048A2561F}"
EndProject
Global
	GlobalSection(SolutionConfigurationPlatforms) = preSolution
		Debug|Any CPU = Debug|Any CPU
		Release|Any CPU = Release|Any CPU
	EndGlobalSection
	GlobalSection(ProjectConfigurationPlatforms) = postSolution
		{D2292277-4AAB-4042-A271-7ACB7E65952E}.Debug|Any CPU.ActiveCfg = Debug|Any CPU
		{D2292277-4AAB-4042-A271-7ACB7E65952E}.Debug|Any CPU.Build.0 = Debug|Any CPU
		{D2292277-4AAB-4042-A271-7ACB7E65952E}.Release|Any CPU.ActiveCfg = Release|Any CPU
		{D2292277-4AAB-4042-A271-7ACB7E65952E}.Release|Any CPU.Build.0 = Release|Any CPU
		{CEA3625E-AA8E-4B3B-ABBC-005048A2561F}.Debug|Any CPU.ActiveCfg = Debug|Any CPU
		{CEA3625E-AA8E-4B3B-ABBC-005048A2561F}.Debug|Any CPU.Build.0 = Debug|Any CPU
		{CEA3625E-AA8E-4B3B-ABBC-005048A2561F}.Release|Any CPU.ActiveCfg = Release|Any CPU
		{CEA3625E-AA8E-4B3B-ABBC-005048A2561F}.Release|Any CPU.Build.0 = Release|Any CPU
	EndGlobalSection
EndGlobal
